// !$*UTF8*$!
{
	archiveVersion = 1;
	classes = {
	};
	objectVersion = 56;
	objects = {

/* Begin PBXBuildFile section */
		DF483DA22C0276DE00157084 /* ImagePicker.swift in Sources */ = {isa = PBXBuildFile; fileRef = DF483DA12C0276DE00157084 /* ImagePicker.swift */; };
		DF50A7532BFC45F6008D638B /* ChatView.swift in Sources */ = {isa = PBXBuildFile; fileRef = DF50A7522BFC45F6008D638B /* ChatView.swift */; };
		DF50A7552BFC5F4A008D638B /* SignInViewModel.swift in Sources */ = {isa = PBXBuildFile; fileRef = DF50A7542BFC5F4A008D638B /* SignInViewModel.swift */; };
		DF50A7582BFC7A89008D638B /* EmailField.swift in Sources */ = {isa = PBXBuildFile; fileRef = DF50A7572BFC7A89008D638B /* EmailField.swift */; };
		DF50A75A2BFC7D43008D638B /* PasswordField.swift in Sources */ = {isa = PBXBuildFile; fileRef = DF50A7592BFC7D43008D638B /* PasswordField.swift */; };
		DF50A7602BFD299E008D638B /* RegistrationView.swift in Sources */ = {isa = PBXBuildFile; fileRef = DF50A75F2BFD299E008D638B /* RegistrationView.swift */; };
		DF50A7622BFD29B6008D638B /* EmailView.swift in Sources */ = {isa = PBXBuildFile; fileRef = DF50A7612BFD29B6008D638B /* EmailView.swift */; };
		DF50A7642BFD2A1D008D638B /* UsernameView.swift in Sources */ = {isa = PBXBuildFile; fileRef = DF50A7632BFD2A1D008D638B /* UsernameView.swift */; };
		DF50A7662BFD2A4A008D638B /* BioView.swift in Sources */ = {isa = PBXBuildFile; fileRef = DF50A7652BFD2A49008D638B /* BioView.swift */; };
		DF50A7682BFD2A62008D638B /* ProfilePictureView.swift in Sources */ = {isa = PBXBuildFile; fileRef = DF50A7672BFD2A62008D638B /* ProfilePictureView.swift */; };
		DF50A76A2BFDC697008D638B /* ProfileView.swift in Sources */ = {isa = PBXBuildFile; fileRef = DF50A7692BFDC697008D638B /* ProfileView.swift */; };
		DF606A3D2BFF1C4600EAF10C /* InviteView.swift in Sources */ = {isa = PBXBuildFile; fileRef = DF606A3C2BFF1C4600EAF10C /* InviteView.swift */; };
		DF606A3F2BFF228700EAF10C /* NetworkService.swift in Sources */ = {isa = PBXBuildFile; fileRef = DF606A3E2BFF228700EAF10C /* NetworkService.swift */; };
		DF72297B2BF82C66001EAD77 /* ShortestApp.swift in Sources */ = {isa = PBXBuildFile; fileRef = DF72297A2BF82C66001EAD77 /* ShortestApp.swift */; };
		DF72297D2BF82C66001EAD77 /* ContentView.swift in Sources */ = {isa = PBXBuildFile; fileRef = DF72297C2BF82C66001EAD77 /* ContentView.swift */; };
		DF72297F2BF82C68001EAD77 /* Assets.xcassets in Resources */ = {isa = PBXBuildFile; fileRef = DF72297E2BF82C68001EAD77 /* Assets.xcassets */; };
		DF7229822BF82C68001EAD77 /* Preview Assets.xcassets in Resources */ = {isa = PBXBuildFile; fileRef = DF7229812BF82C68001EAD77 /* Preview Assets.xcassets */; };
		DF7C942A2BF93F8C00AC1F9B /* Auth in Frameworks */ = {isa = PBXBuildFile; productRef = DF7C94292BF93F8C00AC1F9B /* Auth */; };
		DF7C942C2BF93F8C00AC1F9B /* Functions in Frameworks */ = {isa = PBXBuildFile; productRef = DF7C942B2BF93F8C00AC1F9B /* Functions */; };
		DF7C942E2BF93F8C00AC1F9B /* PostgREST in Frameworks */ = {isa = PBXBuildFile; productRef = DF7C942D2BF93F8C00AC1F9B /* PostgREST */; };
		DF7C94302BF93F8C00AC1F9B /* Realtime in Frameworks */ = {isa = PBXBuildFile; productRef = DF7C942F2BF93F8C00AC1F9B /* Realtime */; };
		DF7C94322BF93F8C00AC1F9B /* Storage in Frameworks */ = {isa = PBXBuildFile; productRef = DF7C94312BF93F8C00AC1F9B /* Storage */; };
		DF7C94342BF93F8C00AC1F9B /* Supabase in Frameworks */ = {isa = PBXBuildFile; productRef = DF7C94332BF93F8C00AC1F9B /* Supabase */; };
		DF7C94372BF93FCB00AC1F9B /* Supabase.swift in Sources */ = {isa = PBXBuildFile; fileRef = DF7C94362BF93FCB00AC1F9B /* Supabase.swift */; };
		DF7C94432BF980BB00AC1F9B /* DataModel.swift in Sources */ = {isa = PBXBuildFile; fileRef = DF7C94422BF980BB00AC1F9B /* DataModel.swift */; };
		DF7C94452BFAD33300AC1F9B /* MagicLinkView.swift in Sources */ = {isa = PBXBuildFile; fileRef = DF7C94442BFAD33300AC1F9B /* MagicLinkView.swift */; };
		DF7C94472BFAD35600AC1F9B /* EditProfile.swift in Sources */ = {isa = PBXBuildFile; fileRef = DF7C94462BFAD35600AC1F9B /* EditProfile.swift */; };
		DF7C94492BFB3A4E00AC1F9B /* SignInView.swift in Sources */ = {isa = PBXBuildFile; fileRef = DF7C94482BFB3A4E00AC1F9B /* SignInView.swift */; };
		DF7C944C2BFBD84400AC1F9B /* AuthManager.swift in Sources */ = {isa = PBXBuildFile; fileRef = DF7C944B2BFBD84400AC1F9B /* AuthManager.swift */; };
		DF7C944E2BFBDA0B00AC1F9B /* AppleSignIn.swift in Sources */ = {isa = PBXBuildFile; fileRef = DF7C944D2BFBDA0B00AC1F9B /* AppleSignIn.swift */; };
		DF8DBCDF2C03EDFB00271F0A /* FullNameView.swift in Sources */ = {isa = PBXBuildFile; fileRef = DF8DBCDE2C03EDFB00271F0A /* FullNameView.swift */; };
/* End PBXBuildFile section */

/* Begin PBXFileReference section */
		DF483DA12C0276DE00157084 /* ImagePicker.swift */ = {isa = PBXFileReference; lastKnownFileType = sourcecode.swift; path = ImagePicker.swift; sourceTree = "<group>"; };
		DF50A7522BFC45F6008D638B /* ChatView.swift */ = {isa = PBXFileReference; lastKnownFileType = sourcecode.swift; path = ChatView.swift; sourceTree = "<group>"; };
		DF50A7542BFC5F4A008D638B /* SignInViewModel.swift */ = {isa = PBXFileReference; lastKnownFileType = sourcecode.swift; path = SignInViewModel.swift; sourceTree = "<group>"; };
		DF50A7572BFC7A89008D638B /* EmailField.swift */ = {isa = PBXFileReference; lastKnownFileType = sourcecode.swift; path = EmailField.swift; sourceTree = "<group>"; };
		DF50A7592BFC7D43008D638B /* PasswordField.swift */ = {isa = PBXFileReference; lastKnownFileType = sourcecode.swift; path = PasswordField.swift; sourceTree = "<group>"; };
		DF50A75F2BFD299E008D638B /* RegistrationView.swift */ = {isa = PBXFileReference; lastKnownFileType = sourcecode.swift; path = RegistrationView.swift; sourceTree = "<group>"; };
		DF50A7612BFD29B6008D638B /* EmailView.swift */ = {isa = PBXFileReference; lastKnownFileType = sourcecode.swift; path = EmailView.swift; sourceTree = "<group>"; };
		DF50A7632BFD2A1D008D638B /* UsernameView.swift */ = {isa = PBXFileReference; lastKnownFileType = sourcecode.swift; path = UsernameView.swift; sourceTree = "<group>"; };
		DF50A7652BFD2A49008D638B /* BioView.swift */ = {isa = PBXFileReference; lastKnownFileType = sourcecode.swift; path = BioView.swift; sourceTree = "<group>"; };
		DF50A7672BFD2A62008D638B /* ProfilePictureView.swift */ = {isa = PBXFileReference; lastKnownFileType = sourcecode.swift; path = ProfilePictureView.swift; sourceTree = "<group>"; };
		DF50A7692BFDC697008D638B /* ProfileView.swift */ = {isa = PBXFileReference; lastKnownFileType = sourcecode.swift; path = ProfileView.swift; sourceTree = "<group>"; };
		DF606A3C2BFF1C4600EAF10C /* InviteView.swift */ = {isa = PBXFileReference; lastKnownFileType = sourcecode.swift; path = InviteView.swift; sourceTree = "<group>"; };
		DF606A3E2BFF228700EAF10C /* NetworkService.swift */ = {isa = PBXFileReference; lastKnownFileType = sourcecode.swift; path = NetworkService.swift; sourceTree = "<group>"; };
		DF7229772BF82C66001EAD77 /* Shortest.app */ = {isa = PBXFileReference; explicitFileType = wrapper.application; includeInIndex = 0; path = Shortest.app; sourceTree = BUILT_PRODUCTS_DIR; };
		DF72297A2BF82C66001EAD77 /* ShortestApp.swift */ = {isa = PBXFileReference; lastKnownFileType = sourcecode.swift; path = ShortestApp.swift; sourceTree = "<group>"; };
		DF72297C2BF82C66001EAD77 /* ContentView.swift */ = {isa = PBXFileReference; lastKnownFileType = sourcecode.swift; path = ContentView.swift; sourceTree = "<group>"; };
		DF72297E2BF82C68001EAD77 /* Assets.xcassets */ = {isa = PBXFileReference; lastKnownFileType = folder.assetcatalog; path = Assets.xcassets; sourceTree = "<group>"; };
		DF7229812BF82C68001EAD77 /* Preview Assets.xcassets */ = {isa = PBXFileReference; lastKnownFileType = folder.assetcatalog; path = "Preview Assets.xcassets"; sourceTree = "<group>"; };
		DF7C94362BF93FCB00AC1F9B /* Supabase.swift */ = {isa = PBXFileReference; lastKnownFileType = sourcecode.swift; path = Supabase.swift; sourceTree = "<group>"; };
		DF7C943D2BF965FC00AC1F9B /* Info.plist */ = {isa = PBXFileReference; lastKnownFileType = text.plist; path = Info.plist; sourceTree = "<group>"; };
		DF7C94422BF980BB00AC1F9B /* DataModel.swift */ = {isa = PBXFileReference; lastKnownFileType = sourcecode.swift; path = DataModel.swift; sourceTree = "<group>"; };
		DF7C94442BFAD33300AC1F9B /* MagicLinkView.swift */ = {isa = PBXFileReference; lastKnownFileType = sourcecode.swift; path = MagicLinkView.swift; sourceTree = "<group>"; };
		DF7C94462BFAD35600AC1F9B /* EditProfile.swift */ = {isa = PBXFileReference; lastKnownFileType = sourcecode.swift; path = EditProfile.swift; sourceTree = "<group>"; };
		DF7C94482BFB3A4E00AC1F9B /* SignInView.swift */ = {isa = PBXFileReference; lastKnownFileType = sourcecode.swift; path = SignInView.swift; sourceTree = "<group>"; };
		DF7C944B2BFBD84400AC1F9B /* AuthManager.swift */ = {isa = PBXFileReference; lastKnownFileType = sourcecode.swift; path = AuthManager.swift; sourceTree = "<group>"; };
		DF7C944D2BFBDA0B00AC1F9B /* AppleSignIn.swift */ = {isa = PBXFileReference; lastKnownFileType = sourcecode.swift; path = AppleSignIn.swift; sourceTree = "<group>"; };
		DF7C944F2BFBF14C00AC1F9B /* Shortest.entitlements */ = {isa = PBXFileReference; lastKnownFileType = text.plist.entitlements; path = Shortest.entitlements; sourceTree = "<group>"; };
		DF8DBCDE2C03EDFB00271F0A /* FullNameView.swift */ = {isa = PBXFileReference; lastKnownFileType = sourcecode.swift; path = FullNameView.swift; sourceTree = "<group>"; };
/* End PBXFileReference section */

/* Begin PBXFrameworksBuildPhase section */
		DF7229742BF82C66001EAD77 /* Frameworks */ = {
			isa = PBXFrameworksBuildPhase;
			buildActionMask = 2147483647;
			files = (
				DF7C942E2BF93F8C00AC1F9B /* PostgREST in Frameworks */,
				DF7C942C2BF93F8C00AC1F9B /* Functions in Frameworks */,
				DF7C94342BF93F8C00AC1F9B /* Supabase in Frameworks */,
				DF7C942A2BF93F8C00AC1F9B /* Auth in Frameworks */,
				DF7C94322BF93F8C00AC1F9B /* Storage in Frameworks */,
				DF7C94302BF93F8C00AC1F9B /* Realtime in Frameworks */,
			);
			runOnlyForDeploymentPostprocessing = 0;
		};
/* End PBXFrameworksBuildPhase section */

/* Begin PBXGroup section */
		DF50A7562BFC71C4008D638B /* Auth */ = {
			isa = PBXGroup;
			children = (
				DF7C944B2BFBD84400AC1F9B /* AuthManager.swift */,
				DF7C944D2BFBDA0B00AC1F9B /* AppleSignIn.swift */,
				DF50A7542BFC5F4A008D638B /* SignInViewModel.swift */,
			);
			path = Auth;
			sourceTree = "<group>";
		};
		DF50A75B2BFC7D6F008D638B /* EmailSignInView */ = {
			isa = PBXGroup;
			children = (
				DF50A7572BFC7A89008D638B /* EmailField.swift */,
				DF50A7592BFC7D43008D638B /* PasswordField.swift */,
			);
			path = EmailSignInView;
			sourceTree = "<group>";
		};
		DF50A75C2BFD27F0008D638B /* RegistrationView */ = {
			isa = PBXGroup;
			children = (
				DF50A75F2BFD299E008D638B /* RegistrationView.swift */,
				DF50A7612BFD29B6008D638B /* EmailView.swift */,
				DF8DBCDE2C03EDFB00271F0A /* FullNameView.swift */,
				DF50A7632BFD2A1D008D638B /* UsernameView.swift */,
				DF50A7652BFD2A49008D638B /* BioView.swift */,
				DF50A7672BFD2A62008D638B /* ProfilePictureView.swift */,
				DF483DA12C0276DE00157084 /* ImagePicker.swift */,
			);
			path = RegistrationView;
			sourceTree = "<group>";
		};
		DF72296E2BF82C66001EAD77 = {
			isa = PBXGroup;
			children = (
				DF7229792BF82C66001EAD77 /* Shortest */,
				DF7229782BF82C66001EAD77 /* Products */,
			);
			sourceTree = "<group>";
		};
		DF7229782BF82C66001EAD77 /* Products */ = {
			isa = PBXGroup;
			children = (
				DF7229772BF82C66001EAD77 /* Shortest.app */,
			);
			name = Products;
			sourceTree = "<group>";
		};
		DF7229792BF82C66001EAD77 /* Shortest */ = {
			isa = PBXGroup;
			children = (
				DF8DBCDD2C03B7E400271F0A /* New Group */,
				DF7C944F2BFBF14C00AC1F9B /* Shortest.entitlements */,
				DF7C944A2BFBD7FD00AC1F9B /* Views */,
				DF7C94412BF980A800AC1F9B /* Models */,
				DF7C94352BF93FBC00AC1F9B /* Helper */,
				DF50A7562BFC71C4008D638B /* Auth */,
				DF72297A2BF82C66001EAD77 /* ShortestApp.swift */,
				DF7C943D2BF965FC00AC1F9B /* Info.plist */,
				DF72297E2BF82C68001EAD77 /* Assets.xcassets */,
				DF7229802BF82C68001EAD77 /* Preview Content */,
			);
			path = Shortest;
			sourceTree = "<group>";
		};
		DF7229802BF82C68001EAD77 /* Preview Content */ = {
			isa = PBXGroup;
			children = (
				DF7229812BF82C68001EAD77 /* Preview Assets.xcassets */,
			);
			path = "Preview Content";
			sourceTree = "<group>";
		};
		DF7C94352BF93FBC00AC1F9B /* Helper */ = {
			isa = PBXGroup;
			children = (
				DF7C94362BF93FCB00AC1F9B /* Supabase.swift */,
				DF606A3E2BFF228700EAF10C /* NetworkService.swift */,
			);
			path = Helper;
			sourceTree = "<group>";
		};
		DF7C943A2BF946D800AC1F9B /* AuthView */ = {
			isa = PBXGroup;
			children = (
				DF50A75B2BFC7D6F008D638B /* EmailSignInView */,
				DF7C94442BFAD33300AC1F9B /* MagicLinkView.swift */,
				DF7C94482BFB3A4E00AC1F9B /* SignInView.swift */,
			);
			path = AuthView;
			sourceTree = "<group>";
		};
		DF7C943E2BF97D8800AC1F9B /* AccountView */ = {
			isa = PBXGroup;
			children = (
				DF7C94462BFAD35600AC1F9B /* EditProfile.swift */,
				DF50A7692BFDC697008D638B /* ProfileView.swift */,
				DF606A3C2BFF1C4600EAF10C /* InviteView.swift */,
			);
			path = AccountView;
			sourceTree = "<group>";
		};
		DF7C94412BF980A800AC1F9B /* Models */ = {
			isa = PBXGroup;
			children = (
				DF7C94422BF980BB00AC1F9B /* DataModel.swift */,
			);
			path = Models;
			sourceTree = "<group>";
		};
		DF7C944A2BFBD7FD00AC1F9B /* Views */ = {
			isa = PBXGroup;
			children = (
				DF72297C2BF82C66001EAD77 /* ContentView.swift */,
				DF50A7522BFC45F6008D638B /* ChatView.swift */,
				DF7C943E2BF97D8800AC1F9B /* AccountView */,
				DF50A75C2BFD27F0008D638B /* RegistrationView */,
				DF7C943A2BF946D800AC1F9B /* AuthView */,
			);
			path = Views;
			sourceTree = "<group>";
		};
		DF8DBCDD2C03B7E400271F0A /* New Group */ = {
			isa = PBXGroup;
			children = (
			);
			path = "New Group";
			sourceTree = "<group>";
		};
/* End PBXGroup section */

/* Begin PBXNativeTarget section */
		DF7229762BF82C66001EAD77 /* Shortest */ = {
			isa = PBXNativeTarget;
			buildConfigurationList = DF7229852BF82C68001EAD77 /* Build configuration list for PBXNativeTarget "Shortest" */;
			buildPhases = (
				DF7229732BF82C66001EAD77 /* Sources */,
				DF7229742BF82C66001EAD77 /* Frameworks */,
				DF7229752BF82C66001EAD77 /* Resources */,
			);
			buildRules = (
			);
			dependencies = (
			);
			name = Shortest;
			packageProductDependencies = (
				DF7C94292BF93F8C00AC1F9B /* Auth */,
				DF7C942B2BF93F8C00AC1F9B /* Functions */,
				DF7C942D2BF93F8C00AC1F9B /* PostgREST */,
				DF7C942F2BF93F8C00AC1F9B /* Realtime */,
				DF7C94312BF93F8C00AC1F9B /* Storage */,
				DF7C94332BF93F8C00AC1F9B /* Supabase */,
			);
			productName = Shortest;
			productReference = DF7229772BF82C66001EAD77 /* Shortest.app */;
			productType = "com.apple.product-type.application";
		};
/* End PBXNativeTarget section */

/* Begin PBXProject section */
		DF72296F2BF82C66001EAD77 /* Project object */ = {
			isa = PBXProject;
			attributes = {
				BuildIndependentTargetsInParallel = 1;
				LastSwiftUpdateCheck = 1520;
				LastUpgradeCheck = 1520;
				TargetAttributes = {
					DF7229762BF82C66001EAD77 = {
						CreatedOnToolsVersion = 15.2;
					};
				};
			};
			buildConfigurationList = DF7229722BF82C66001EAD77 /* Build configuration list for PBXProject "Shortest" */;
			compatibilityVersion = "Xcode 14.0";
			developmentRegion = en;
			hasScannedForEncodings = 0;
			knownRegions = (
				en,
				Base,
			);
			mainGroup = DF72296E2BF82C66001EAD77;
			packageReferences = (
				DF7C94282BF93F8C00AC1F9B /* XCRemoteSwiftPackageReference "supabase-swift" */,
			);
			productRefGroup = DF7229782BF82C66001EAD77 /* Products */;
			projectDirPath = "";
			projectRoot = "";
			targets = (
				DF7229762BF82C66001EAD77 /* Shortest */,
			);
		};
/* End PBXProject section */

/* Begin PBXResourcesBuildPhase section */
		DF7229752BF82C66001EAD77 /* Resources */ = {
			isa = PBXResourcesBuildPhase;
			buildActionMask = 2147483647;
			files = (
				DF7229822BF82C68001EAD77 /* Preview Assets.xcassets in Resources */,
				DF72297F2BF82C68001EAD77 /* Assets.xcassets in Resources */,
			);
			runOnlyForDeploymentPostprocessing = 0;
		};
/* End PBXResourcesBuildPhase section */

/* Begin PBXSourcesBuildPhase section */
		DF7229732BF82C66001EAD77 /* Sources */ = {
			isa = PBXSourcesBuildPhase;
			buildActionMask = 2147483647;
			files = (
				DF72297D2BF82C66001EAD77 /* ContentView.swift in Sources */,
				DF50A7682BFD2A62008D638B /* ProfilePictureView.swift in Sources */,
				DF50A7662BFD2A4A008D638B /* BioView.swift in Sources */,
				DF7C944C2BFBD84400AC1F9B /* AuthManager.swift in Sources */,
				DF50A7532BFC45F6008D638B /* ChatView.swift in Sources */,
				DF50A7602BFD299E008D638B /* RegistrationView.swift in Sources */,
				DF7C94492BFB3A4E00AC1F9B /* SignInView.swift in Sources */,
				DF8DBCDF2C03EDFB00271F0A /* FullNameView.swift in Sources */,
				DF483DA22C0276DE00157084 /* ImagePicker.swift in Sources */,
				DF7C94372BF93FCB00AC1F9B /* Supabase.swift in Sources */,
				DF72297B2BF82C66001EAD77 /* ShortestApp.swift in Sources */,
				DF606A3D2BFF1C4600EAF10C /* InviteView.swift in Sources */,
				DF50A75A2BFC7D43008D638B /* PasswordField.swift in Sources */,
				DF50A7642BFD2A1D008D638B /* UsernameView.swift in Sources */,
				DF7C94432BF980BB00AC1F9B /* DataModel.swift in Sources */,
				DF606A3F2BFF228700EAF10C /* NetworkService.swift in Sources */,
				DF7C944E2BFBDA0B00AC1F9B /* AppleSignIn.swift in Sources */,
				DF50A7552BFC5F4A008D638B /* SignInViewModel.swift in Sources */,
				DF7C94472BFAD35600AC1F9B /* EditProfile.swift in Sources */,
				DF7C94452BFAD33300AC1F9B /* MagicLinkView.swift in Sources */,
				DF50A76A2BFDC697008D638B /* ProfileView.swift in Sources */,
				DF50A7582BFC7A89008D638B /* EmailField.swift in Sources */,
				DF50A7622BFD29B6008D638B /* EmailView.swift in Sources */,
			);
			runOnlyForDeploymentPostprocessing = 0;
		};
/* End PBXSourcesBuildPhase section */

/* Begin XCBuildConfiguration section */
		DF7229832BF82C68001EAD77 /* Debug */ = {
			isa = XCBuildConfiguration;
			buildSettings = {
				ALWAYS_SEARCH_USER_PATHS = NO;
				ASSETCATALOG_COMPILER_GENERATE_SWIFT_ASSET_SYMBOL_EXTENSIONS = YES;
				CLANG_ANALYZER_NONNULL = YES;
				CLANG_ANALYZER_NUMBER_OBJECT_CONVERSION = YES_AGGRESSIVE;
				CLANG_CXX_LANGUAGE_STANDARD = "gnu++20";
				CLANG_ENABLE_MODULES = YES;
				CLANG_ENABLE_OBJC_ARC = YES;
				CLANG_ENABLE_OBJC_WEAK = YES;
				CLANG_WARN_BLOCK_CAPTURE_AUTORELEASING = YES;
				CLANG_WARN_BOOL_CONVERSION = YES;
				CLANG_WARN_COMMA = YES;
				CLANG_WARN_CONSTANT_CONVERSION = YES;
				CLANG_WARN_DEPRECATED_OBJC_IMPLEMENTATIONS = YES;
				CLANG_WARN_DIRECT_OBJC_ISA_USAGE = YES_ERROR;
				CLANG_WARN_DOCUMENTATION_COMMENTS = YES;
				CLANG_WARN_EMPTY_BODY = YES;
				CLANG_WARN_ENUM_CONVERSION = YES;
				CLANG_WARN_INFINITE_RECURSION = YES;
				CLANG_WARN_INT_CONVERSION = YES;
				CLANG_WARN_NON_LITERAL_NULL_CONVERSION = YES;
				CLANG_WARN_OBJC_IMPLICIT_RETAIN_SELF = YES;
				CLANG_WARN_OBJC_LITERAL_CONVERSION = YES;
				CLANG_WARN_OBJC_ROOT_CLASS = YES_ERROR;
				CLANG_WARN_QUOTED_INCLUDE_IN_FRAMEWORK_HEADER = YES;
				CLANG_WARN_RANGE_LOOP_ANALYSIS = YES;
				CLANG_WARN_STRICT_PROTOTYPES = YES;
				CLANG_WARN_SUSPICIOUS_MOVE = YES;
				CLANG_WARN_UNGUARDED_AVAILABILITY = YES_AGGRESSIVE;
				CLANG_WARN_UNREACHABLE_CODE = YES;
				CLANG_WARN__DUPLICATE_METHOD_MATCH = YES;
				COPY_PHASE_STRIP = NO;
				DEBUG_INFORMATION_FORMAT = dwarf;
				ENABLE_STRICT_OBJC_MSGSEND = YES;
				ENABLE_TESTABILITY = YES;
				ENABLE_USER_SCRIPT_SANDBOXING = YES;
				GCC_C_LANGUAGE_STANDARD = gnu17;
				GCC_DYNAMIC_NO_PIC = NO;
				GCC_NO_COMMON_BLOCKS = YES;
				GCC_OPTIMIZATION_LEVEL = 0;
				GCC_PREPROCESSOR_DEFINITIONS = (
					"DEBUG=1",
					"$(inherited)",
				);
				GCC_WARN_64_TO_32_BIT_CONVERSION = YES;
				GCC_WARN_ABOUT_RETURN_TYPE = YES_ERROR;
				GCC_WARN_UNDECLARED_SELECTOR = YES;
				GCC_WARN_UNINITIALIZED_AUTOS = YES_AGGRESSIVE;
				GCC_WARN_UNUSED_FUNCTION = YES;
				GCC_WARN_UNUSED_VARIABLE = YES;
				IPHONEOS_DEPLOYMENT_TARGET = 17.2;
				LOCALIZATION_PREFERS_STRING_CATALOGS = YES;
				MTL_ENABLE_DEBUG_INFO = INCLUDE_SOURCE;
				MTL_FAST_MATH = YES;
				ONLY_ACTIVE_ARCH = YES;
				SDKROOT = iphoneos;
				SWIFT_ACTIVE_COMPILATION_CONDITIONS = "DEBUG $(inherited)";
				SWIFT_OPTIMIZATION_LEVEL = "-Onone";
			};
			name = Debug;
		};
		DF7229842BF82C68001EAD77 /* Release */ = {
			isa = XCBuildConfiguration;
			buildSettings = {
				ALWAYS_SEARCH_USER_PATHS = NO;
				ASSETCATALOG_COMPILER_GENERATE_SWIFT_ASSET_SYMBOL_EXTENSIONS = YES;
				CLANG_ANALYZER_NONNULL = YES;
				CLANG_ANALYZER_NUMBER_OBJECT_CONVERSION = YES_AGGRESSIVE;
				CLANG_CXX_LANGUAGE_STANDARD = "gnu++20";
				CLANG_ENABLE_MODULES = YES;
				CLANG_ENABLE_OBJC_ARC = YES;
				CLANG_ENABLE_OBJC_WEAK = YES;
				CLANG_WARN_BLOCK_CAPTURE_AUTORELEASING = YES;
				CLANG_WARN_BOOL_CONVERSION = YES;
				CLANG_WARN_COMMA = YES;
				CLANG_WARN_CONSTANT_CONVERSION = YES;
				CLANG_WARN_DEPRECATED_OBJC_IMPLEMENTATIONS = YES;
				CLANG_WARN_DIRECT_OBJC_ISA_USAGE = YES_ERROR;
				CLANG_WARN_DOCUMENTATION_COMMENTS = YES;
				CLANG_WARN_EMPTY_BODY = YES;
				CLANG_WARN_ENUM_CONVERSION = YES;
				CLANG_WARN_INFINITE_RECURSION = YES;
				CLANG_WARN_INT_CONVERSION = YES;
				CLANG_WARN_NON_LITERAL_NULL_CONVERSION = YES;
				CLANG_WARN_OBJC_IMPLICIT_RETAIN_SELF = YES;
				CLANG_WARN_OBJC_LITERAL_CONVERSION = YES;
				CLANG_WARN_OBJC_ROOT_CLASS = YES_ERROR;
				CLANG_WARN_QUOTED_INCLUDE_IN_FRAMEWORK_HEADER = YES;
				CLANG_WARN_RANGE_LOOP_ANALYSIS = YES;
				CLANG_WARN_STRICT_PROTOTYPES = YES;
				CLANG_WARN_SUSPICIOUS_MOVE = YES;
				CLANG_WARN_UNGUARDED_AVAILABILITY = YES_AGGRESSIVE;
				CLANG_WARN_UNREACHABLE_CODE = YES;
				CLANG_WARN__DUPLICATE_METHOD_MATCH = YES;
				COPY_PHASE_STRIP = NO;
				DEBUG_INFORMATION_FORMAT = "dwarf-with-dsym";
				ENABLE_NS_ASSERTIONS = NO;
				ENABLE_STRICT_OBJC_MSGSEND = YES;
				ENABLE_USER_SCRIPT_SANDBOXING = YES;
				GCC_C_LANGUAGE_STANDARD = gnu17;
				GCC_NO_COMMON_BLOCKS = YES;
				GCC_WARN_64_TO_32_BIT_CONVERSION = YES;
				GCC_WARN_ABOUT_RETURN_TYPE = YES_ERROR;
				GCC_WARN_UNDECLARED_SELECTOR = YES;
				GCC_WARN_UNINITIALIZED_AUTOS = YES_AGGRESSIVE;
				GCC_WARN_UNUSED_FUNCTION = YES;
				GCC_WARN_UNUSED_VARIABLE = YES;
				IPHONEOS_DEPLOYMENT_TARGET = 17.2;
				LOCALIZATION_PREFERS_STRING_CATALOGS = YES;
				MTL_ENABLE_DEBUG_INFO = NO;
				MTL_FAST_MATH = YES;
				SDKROOT = iphoneos;
				SWIFT_COMPILATION_MODE = wholemodule;
				VALIDATE_PRODUCT = YES;
			};
			name = Release;
		};
		DF7229862BF82C68001EAD77 /* Debug */ = {
			isa = XCBuildConfiguration;
			buildSettings = {
				ASSETCATALOG_COMPILER_APPICON_NAME = AppIcon;
				ASSETCATALOG_COMPILER_GLOBAL_ACCENT_COLOR_NAME = AccentColor;
				CODE_SIGN_ENTITLEMENTS = Shortest/Shortest.entitlements;
				CODE_SIGN_IDENTITY = "Apple Development";
				CODE_SIGN_STYLE = Automatic;
				CURRENT_PROJECT_VERSION = 1;
				DEVELOPMENT_ASSET_PATHS = "\"Shortest/Preview Content\"";
				DEVELOPMENT_TEAM = CX52SVMQ36;
				ENABLE_PREVIEWS = YES;
				GENERATE_INFOPLIST_FILE = YES;
				INFOPLIST_FILE = Shortest/Info.plist;
				INFOPLIST_KEY_UIApplicationSceneManifest_Generation = YES;
				INFOPLIST_KEY_UIApplicationSupportsIndirectInputEvents = YES;
				INFOPLIST_KEY_UILaunchScreen_Generation = YES;
				INFOPLIST_KEY_UISupportedInterfaceOrientations_iPad = "UIInterfaceOrientationPortrait UIInterfaceOrientationPortraitUpsideDown UIInterfaceOrientationLandscapeLeft UIInterfaceOrientationLandscapeRight";
				INFOPLIST_KEY_UISupportedInterfaceOrientations_iPhone = "UIInterfaceOrientationPortrait UIInterfaceOrientationLandscapeLeft UIInterfaceOrientationLandscapeRight";
				LD_RUNPATH_SEARCH_PATHS = (
					"$(inherited)",
					"@executable_path/Frameworks",
				);
				MARKETING_VERSION = 1.0;
				PRODUCT_BUNDLE_IDENTIFIER = com.shortest.app;
				PRODUCT_NAME = "$(TARGET_NAME)";
				PROVISIONING_PROFILE_SPECIFIER = "";
				SWIFT_EMIT_LOC_STRINGS = YES;
				SWIFT_VERSION = 5.0;
				TARGETED_DEVICE_FAMILY = "1,2";
			};
			name = Debug;
		};
		DF7229872BF82C68001EAD77 /* Release */ = {
			isa = XCBuildConfiguration;
			buildSettings = {
				ASSETCATALOG_COMPILER_APPICON_NAME = AppIcon;
				ASSETCATALOG_COMPILER_GLOBAL_ACCENT_COLOR_NAME = AccentColor;
				CODE_SIGN_ENTITLEMENTS = Shortest/Shortest.entitlements;
				CODE_SIGN_IDENTITY = "Apple Development";
				CODE_SIGN_STYLE = Automatic;
				CURRENT_PROJECT_VERSION = 1;
				DEVELOPMENT_ASSET_PATHS = "\"Shortest/Preview Content\"";
				DEVELOPMENT_TEAM = CX52SVMQ36;
				ENABLE_PREVIEWS = YES;
				GENERATE_INFOPLIST_FILE = YES;
				INFOPLIST_FILE = Shortest/Info.plist;
				INFOPLIST_KEY_UIApplicationSceneManifest_Generation = YES;
				INFOPLIST_KEY_UIApplicationSupportsIndirectInputEvents = YES;
				INFOPLIST_KEY_UILaunchScreen_Generation = YES;
				INFOPLIST_KEY_UISupportedInterfaceOrientations_iPad = "UIInterfaceOrientationPortrait UIInterfaceOrientationPortraitUpsideDown UIInterfaceOrientationLandscapeLeft UIInterfaceOrientationLandscapeRight";
				INFOPLIST_KEY_UISupportedInterfaceOrientations_iPhone = "UIInterfaceOrientationPortrait UIInterfaceOrientationLandscapeLeft UIInterfaceOrientationLandscapeRight";
				LD_RUNPATH_SEARCH_PATHS = (
					"$(inherited)",
					"@executable_path/Frameworks",
				);
				MARKETING_VERSION = 1.0;
				PRODUCT_BUNDLE_IDENTIFIER = com.shortest.app;
				PRODUCT_NAME = "$(TARGET_NAME)";
				PROVISIONING_PROFILE_SPECIFIER = "";
				SWIFT_EMIT_LOC_STRINGS = YES;
				SWIFT_VERSION = 5.0;
				TARGETED_DEVICE_FAMILY = "1,2";
			};
			name = Release;
		};
/* End XCBuildConfiguration section */

/* Begin XCConfigurationList section */
		DF7229722BF82C66001EAD77 /* Build configuration list for PBXProject "Shortest" */ = {
			isa = XCConfigurationList;
			buildConfigurations = (
				DF7229832BF82C68001EAD77 /* Debug */,
				DF7229842BF82C68001EAD77 /* Release */,
			);
			defaultConfigurationIsVisible = 0;
			defaultConfigurationName = Release;
		};
		DF7229852BF82C68001EAD77 /* Build configuration list for PBXNativeTarget "Shortest" */ = {
			isa = XCConfigurationList;
			buildConfigurations = (
				DF7229862BF82C68001EAD77 /* Debug */,
				DF7229872BF82C68001EAD77 /* Release */,
			);
			defaultConfigurationIsVisible = 0;
			defaultConfigurationName = Release;
		};
/* End XCConfigurationList section */

/* Begin XCRemoteSwiftPackageReference section */
		DF7C94282BF93F8C00AC1F9B /* XCRemoteSwiftPackageReference "supabase-swift" */ = {
			isa = XCRemoteSwiftPackageReference;
			repositoryURL = "https://github.com/supabase-community/supabase-swift.git";
			requirement = {
				kind = upToNextMajorVersion;
				minimumVersion = 2.5.1;
			};
		};
/* End XCRemoteSwiftPackageReference section */

/* Begin XCSwiftPackageProductDependency section */
		DF7C94292BF93F8C00AC1F9B /* Auth */ = {
			isa = XCSwiftPackageProductDependency;
			package = DF7C94282BF93F8C00AC1F9B /* XCRemoteSwiftPackageReference "supabase-swift" */;
			productName = Auth;
		};
		DF7C942B2BF93F8C00AC1F9B /* Functions */ = {
			isa = XCSwiftPackageProductDependency;
			package = DF7C94282BF93F8C00AC1F9B /* XCRemoteSwiftPackageReference "supabase-swift" */;
			productName = Functions;
		};
		DF7C942D2BF93F8C00AC1F9B /* PostgREST */ = {
			isa = XCSwiftPackageProductDependency;
			package = DF7C94282BF93F8C00AC1F9B /* XCRemoteSwiftPackageReference "supabase-swift" */;
			productName = PostgREST;
		};
		DF7C942F2BF93F8C00AC1F9B /* Realtime */ = {
			isa = XCSwiftPackageProductDependency;
			package = DF7C94282BF93F8C00AC1F9B /* XCRemoteSwiftPackageReference "supabase-swift" */;
			productName = Realtime;
		};
		DF7C94312BF93F8C00AC1F9B /* Storage */ = {
			isa = XCSwiftPackageProductDependency;
			package = DF7C94282BF93F8C00AC1F9B /* XCRemoteSwiftPackageReference "supabase-swift" */;
			productName = Storage;
		};
		DF7C94332BF93F8C00AC1F9B /* Supabase */ = {
			isa = XCSwiftPackageProductDependency;
			package = DF7C94282BF93F8C00AC1F9B /* XCRemoteSwiftPackageReference "supabase-swift" */;
			productName = Supabase;
		};
/* End XCSwiftPackageProductDependency section */
	};
	rootObject = DF72296F2BF82C66001EAD77 /* Project object */;
}
